// !$*UTF8*$!
{
	archiveVersion = 1;
	classes = {
	};
	objectVersion = 46;
	objects = {

/* Begin PBXBuildFile section */
		18187148424EA3CF4572982F /* UIWebView+RDRQueryTitle.m in Sources */ = {isa = PBXBuildFile; fileRef = 18187DCC29B40A5A70B236D7 /* UIWebView+RDRQueryTitle.m */; };
		181872BE0C9BC116DBE8DF3A /* RDRArticleParser.m in Sources */ = {isa = PBXBuildFile; fileRef = 1818796CA8D42E83FD00429F /* RDRArticleParser.m */; };
		1818736A1AF213CCF9B60E45 /* UIImageView+RDRAsyncDownload.m in Sources */ = {isa = PBXBuildFile; fileRef = 181875AED5508DB0FDA09FC3 /* UIImageView+RDRAsyncDownload.m */; };
		18187518E2205E46580D05F8 /* RDRURLCache.m in Sources */ = {isa = PBXBuildFile; fileRef = 181875EF4B0AA72381CEB8BD /* RDRURLCache.m */; };
		181875EFF69BAF0C7798F63F /* RDRPasteBoardMonitor.m in Sources */ = {isa = PBXBuildFile; fileRef = 181874B25BB3A9580D12B795 /* RDRPasteBoardMonitor.m */; };
		181876C9E1FB89832155F0A5 /* safe_dispatch_queue.m in Sources */ = {isa = PBXBuildFile; fileRef = 181873FCEF8653F370DB2FDB /* safe_dispatch_queue.m */; };
		1818778456EA91162283B407 /* URLCache.xcdatamodeld in Sources */ = {isa = PBXBuildFile; fileRef = 1818722B783F71A23CA2147D /* URLCache.xcdatamodeld */; };
		1818789E73E6370B30D33C17 /* RDRCacheEntity.m in Sources */ = {isa = PBXBuildFile; fileRef = 1818778EBE34B70CA4CCDCAB /* RDRCacheEntity.m */; };
		1818798140ED2A10E5DB4327 /* RDRNotifications.m in Sources */ = {isa = PBXBuildFile; fileRef = 18187F7B5B2B018E71C15EC6 /* RDRNotifications.m */; };
		18187AEBB6C7740973E70336 /* RDRPrefetchService.m in Sources */ = {isa = PBXBuildFile; fileRef = 18187B11108457D426082DE8 /* RDRPrefetchService.m */; };
		18187B95C71F65326BE452F5 /* RDRArticleManager.m in Sources */ = {isa = PBXBuildFile; fileRef = 181875654177354E508F356C /* RDRArticleManager.m */; };
		8B47AE9118784E5F00189F0D /* RDRContentViewController.m in Sources */ = {isa = PBXBuildFile; fileRef = 8B47AE9018784E5F00189F0D /* RDRContentViewController.m */; };
		8B47AE9418795AC300189F0D /* Model.xcdatamodeld in Sources */ = {isa = PBXBuildFile; fileRef = 8B47AE9218795AC300189F0D /* Model.xcdatamodeld */; };
		8B5C68E8187EB39D00FF0E3E /* PrefetchTests.m in Sources */ = {isa = PBXBuildFile; fileRef = 8B5C68E7187EB39D00FF0E3E /* PrefetchTests.m */; };
		8B81462018795DC400EE43FF /* CoreData.framework in Frameworks */ = {isa = PBXBuildFile; fileRef = 8B81461F18795DC400EE43FF /* CoreData.framework */; };
		8B936453187831E400175262 /* RDRArticle.m in Sources */ = {isa = PBXBuildFile; fileRef = 8B936452187831E400175262 /* RDRArticle.m */; };
		8BD849371878166A00F072E1 /* Foundation.framework in Frameworks */ = {isa = PBXBuildFile; fileRef = 8BD849361878166A00F072E1 /* Foundation.framework */; };
		8BD849391878166A00F072E1 /* CoreGraphics.framework in Frameworks */ = {isa = PBXBuildFile; fileRef = 8BD849381878166A00F072E1 /* CoreGraphics.framework */; };
		8BD8493B1878166A00F072E1 /* UIKit.framework in Frameworks */ = {isa = PBXBuildFile; fileRef = 8BD8493A1878166A00F072E1 /* UIKit.framework */; };
		8BD849411878166A00F072E1 /* InfoPlist.strings in Resources */ = {isa = PBXBuildFile; fileRef = 8BD8493F1878166A00F072E1 /* InfoPlist.strings */; };
		8BD849431878166A00F072E1 /* main.m in Sources */ = {isa = PBXBuildFile; fileRef = 8BD849421878166A00F072E1 /* main.m */; };
		8BD849471878166A00F072E1 /* RDRAppDelegate.m in Sources */ = {isa = PBXBuildFile; fileRef = 8BD849461878166A00F072E1 /* RDRAppDelegate.m */; };
		8BD849491878166A00F072E1 /* Images.xcassets in Resources */ = {isa = PBXBuildFile; fileRef = 8BD849481878166A00F072E1 /* Images.xcassets */; };
		8BD849501878166B00F072E1 /* XCTest.framework in Frameworks */ = {isa = PBXBuildFile; fileRef = 8BD8494F1878166B00F072E1 /* XCTest.framework */; };
		8BD849511878166B00F072E1 /* Foundation.framework in Frameworks */ = {isa = PBXBuildFile; fileRef = 8BD849361878166A00F072E1 /* Foundation.framework */; };
		8BD849521878166B00F072E1 /* UIKit.framework in Frameworks */ = {isa = PBXBuildFile; fileRef = 8BD8493A1878166A00F072E1 /* UIKit.framework */; };
		8BD8495A1878166B00F072E1 /* InfoPlist.strings in Resources */ = {isa = PBXBuildFile; fileRef = 8BD849581878166B00F072E1 /* InfoPlist.strings */; };
		8BD8495C1878166B00F072E1 /* WechatReaderTests.m in Sources */ = {isa = PBXBuildFile; fileRef = 8BD8495B1878166B00F072E1 /* WechatReaderTests.m */; };
		8BD8496A187818C300F072E1 /* RDRIndexViewController.m in Sources */ = {isa = PBXBuildFile; fileRef = 8BD84969187818C300F072E1 /* RDRIndexViewController.m */; };
/* End PBXBuildFile section */

/* Begin PBXContainerItemProxy section */
		8BD849531878166B00F072E1 /* PBXContainerItemProxy */ = {
			isa = PBXContainerItemProxy;
			containerPortal = 8BD8492B1878166A00F072E1 /* Project object */;
			proxyType = 1;
			remoteGlobalIDString = 8BD849321878166A00F072E1;
			remoteInfo = WechatReader;
		};
/* End PBXContainerItemProxy section */

/* Begin PBXFileReference section */
		181872811EB6EB6FC3D95EAB /* RDRConfig.h */ = {isa = PBXFileReference; fileEncoding = 4; lastKnownFileType = sourcecode.c.h; path = RDRConfig.h; sourceTree = "<group>"; };
		181873003EE3288330F3A5DD /* RDRNotifications.h */ = {isa = PBXFileReference; fileEncoding = 4; lastKnownFileType = sourcecode.c.h; path = RDRNotifications.h; sourceTree = "<group>"; };
		181873CA63B87825A88039F2 /* UIWebView+RDRQueryTitle.h */ = {isa = PBXFileReference; fileEncoding = 4; lastKnownFileType = sourcecode.c.h; path = "UIWebView+RDRQueryTitle.h"; sourceTree = "<group>"; };
		181873FCEF8653F370DB2FDB /* safe_dispatch_queue.m */ = {isa = PBXFileReference; fileEncoding = 4; lastKnownFileType = sourcecode.c.objc; path = safe_dispatch_queue.m; sourceTree = "<group>"; };
		181874706F4D038DA06C50C9 /* RDRArticleManager.h */ = {isa = PBXFileReference; fileEncoding = 4; lastKnownFileType = sourcecode.c.h; path = RDRArticleManager.h; sourceTree = "<group>"; };
		181874B25BB3A9580D12B795 /* RDRPasteBoardMonitor.m */ = {isa = PBXFileReference; fileEncoding = 4; lastKnownFileType = sourcecode.c.objc; path = RDRPasteBoardMonitor.m; sourceTree = "<group>"; };
		181875654177354E508F356C /* RDRArticleManager.m */ = {isa = PBXFileReference; fileEncoding = 4; lastKnownFileType = sourcecode.c.objc; path = RDRArticleManager.m; sourceTree = "<group>"; };
		181875AED5508DB0FDA09FC3 /* UIImageView+RDRAsyncDownload.m */ = {isa = PBXFileReference; fileEncoding = 4; lastKnownFileType = sourcecode.c.objc; path = "UIImageView+RDRAsyncDownload.m"; sourceTree = "<group>"; };
		181875C8FE9CDC9619720ABF /* RDRCacheEntity.h */ = {isa = PBXFileReference; fileEncoding = 4; lastKnownFileType = sourcecode.c.h; path = RDRCacheEntity.h; sourceTree = "<group>"; };
		181875EF4B0AA72381CEB8BD /* RDRURLCache.m */ = {isa = PBXFileReference; fileEncoding = 4; lastKnownFileType = sourcecode.c.objc; path = RDRURLCache.m; sourceTree = "<group>"; };
		1818771BA72360F22D4DDAC8 /* RDRArticleParser.h */ = {isa = PBXFileReference; fileEncoding = 4; lastKnownFileType = sourcecode.c.h; path = RDRArticleParser.h; sourceTree = "<group>"; };
		1818778EBE34B70CA4CCDCAB /* RDRCacheEntity.m */ = {isa = PBXFileReference; fileEncoding = 4; lastKnownFileType = sourcecode.c.objc; path = RDRCacheEntity.m; sourceTree = "<group>"; };
		1818796CA8D42E83FD00429F /* RDRArticleParser.m */ = {isa = PBXFileReference; fileEncoding = 4; lastKnownFileType = sourcecode.c.objc; path = RDRArticleParser.m; sourceTree = "<group>"; };
		18187AF473ADF4A76F539184 /* UIImageView+RDRAsyncDownload.h */ = {isa = PBXFileReference; fileEncoding = 4; lastKnownFileType = sourcecode.c.h; path = "UIImageView+RDRAsyncDownload.h"; sourceTree = "<group>"; };
		18187AFBFDF278C4C453A139 /* safe_dispatch_queue.h */ = {isa = PBXFileReference; fileEncoding = 4; lastKnownFileType = sourcecode.c.h; path = safe_dispatch_queue.h; sourceTree = "<group>"; };
		18187B11108457D426082DE8 /* RDRPrefetchService.m */ = {isa = PBXFileReference; fileEncoding = 4; lastKnownFileType = sourcecode.c.objc; path = RDRPrefetchService.m; sourceTree = "<group>"; };
		18187DB28CA741A68E2AA73F /* RDRURLCache.h */ = {isa = PBXFileReference; fileEncoding = 4; lastKnownFileType = sourcecode.c.h; path = RDRURLCache.h; sourceTree = "<group>"; };
		18187DCC29B40A5A70B236D7 /* UIWebView+RDRQueryTitle.m */ = {isa = PBXFileReference; fileEncoding = 4; lastKnownFileType = sourcecode.c.objc; path = "UIWebView+RDRQueryTitle.m"; sourceTree = "<group>"; };
		18187E421B765226865BDD2D /* RDRPasteBoardMonitor.h */ = {isa = PBXFileReference; fileEncoding = 4; lastKnownFileType = sourcecode.c.h; path = RDRPasteBoardMonitor.h; sourceTree = "<group>"; };
		18187E97AC831D6FA5A69D13 /* URLCache.xcdatamodel */ = {isa = PBXFileReference; lastKnownFileType = wrapper.xcdatamodel; path = URLCache.xcdatamodel; sourceTree = "<group>"; };
		18187EA0DCEFC740FCD01491 /* RDRPrefetchService.h */ = {isa = PBXFileReference; fileEncoding = 4; lastKnownFileType = sourcecode.c.h; path = RDRPrefetchService.h; sourceTree = "<group>"; };
		18187F7B5B2B018E71C15EC6 /* RDRNotifications.m */ = {isa = PBXFileReference; fileEncoding = 4; lastKnownFileType = sourcecode.c.objc; path = RDRNotifications.m; sourceTree = "<group>"; };
		8B47AE8F18784E5F00189F0D /* RDRContentViewController.h */ = {isa = PBXFileReference; fileEncoding = 4; lastKnownFileType = sourcecode.c.h; name = RDRContentViewController.h; path = ViewController/RDRContentViewController.h; sourceTree = "<group>"; };
		8B47AE9018784E5F00189F0D /* RDRContentViewController.m */ = {isa = PBXFileReference; fileEncoding = 4; lastKnownFileType = sourcecode.c.objc; name = RDRContentViewController.m; path = ViewController/RDRContentViewController.m; sourceTree = "<group>"; };
		8B47AE9318795AC300189F0D /* Model.xcdatamodel */ = {isa = PBXFileReference; lastKnownFileType = wrapper.xcdatamodel; path = Model.xcdatamodel; sourceTree = "<group>"; };
		8B5C68E7187EB39D00FF0E3E /* PrefetchTests.m */ = {isa = PBXFileReference; fileEncoding = 4; lastKnownFileType = sourcecode.c.objc; path = PrefetchTests.m; sourceTree = "<group>"; };
		8B81461F18795DC400EE43FF /* CoreData.framework */ = {isa = PBXFileReference; lastKnownFileType = wrapper.framework; name = CoreData.framework; path = System/Library/Frameworks/CoreData.framework; sourceTree = SDKROOT; };
		8B936451187831E400175262 /* RDRArticle.h */ = {isa = PBXFileReference; fileEncoding = 4; lastKnownFileType = sourcecode.c.h; name = RDRArticle.h; path = Model/RDRArticle.h; sourceTree = "<group>"; };
		8B936452187831E400175262 /* RDRArticle.m */ = {isa = PBXFileReference; fileEncoding = 4; lastKnownFileType = sourcecode.c.objc; name = RDRArticle.m; path = Model/RDRArticle.m; sourceTree = "<group>"; };
		8BD849331878166A00F072E1 /* WechatReader.app */ = {isa = PBXFileReference; explicitFileType = wrapper.application; includeInIndex = 0; path = WechatReader.app; sourceTree = BUILT_PRODUCTS_DIR; };
		8BD849361878166A00F072E1 /* Foundation.framework */ = {isa = PBXFileReference; lastKnownFileType = wrapper.framework; name = Foundation.framework; path = System/Library/Frameworks/Foundation.framework; sourceTree = SDKROOT; };
		8BD849381878166A00F072E1 /* CoreGraphics.framework */ = {isa = PBXFileReference; lastKnownFileType = wrapper.framework; name = CoreGraphics.framework; path = System/Library/Frameworks/CoreGraphics.framework; sourceTree = SDKROOT; };
		8BD8493A1878166A00F072E1 /* UIKit.framework */ = {isa = PBXFileReference; lastKnownFileType = wrapper.framework; name = UIKit.framework; path = System/Library/Frameworks/UIKit.framework; sourceTree = SDKROOT; };
		8BD8493E1878166A00F072E1 /* WechatReader-Info.plist */ = {isa = PBXFileReference; lastKnownFileType = text.plist.xml; path = "WechatReader-Info.plist"; sourceTree = "<group>"; };
		8BD849401878166A00F072E1 /* en */ = {isa = PBXFileReference; lastKnownFileType = text.plist.strings; name = en; path = en.lproj/InfoPlist.strings; sourceTree = "<group>"; };
		8BD849421878166A00F072E1 /* main.m */ = {isa = PBXFileReference; lastKnownFileType = sourcecode.c.objc; path = main.m; sourceTree = "<group>"; };
		8BD849441878166A00F072E1 /* WechatReader-Prefix.pch */ = {isa = PBXFileReference; lastKnownFileType = sourcecode.c.h; path = "WechatReader-Prefix.pch"; sourceTree = "<group>"; };
		8BD849451878166A00F072E1 /* RDRAppDelegate.h */ = {isa = PBXFileReference; lastKnownFileType = sourcecode.c.h; path = RDRAppDelegate.h; sourceTree = "<group>"; };
		8BD849461878166A00F072E1 /* RDRAppDelegate.m */ = {isa = PBXFileReference; lastKnownFileType = sourcecode.c.objc; path = RDRAppDelegate.m; sourceTree = "<group>"; };
		8BD849481878166A00F072E1 /* Images.xcassets */ = {isa = PBXFileReference; lastKnownFileType = folder.assetcatalog; path = Images.xcassets; sourceTree = "<group>"; };
		8BD8494E1878166B00F072E1 /* WechatReaderTests.xctest */ = {isa = PBXFileReference; explicitFileType = wrapper.cfbundle; includeInIndex = 0; path = WechatReaderTests.xctest; sourceTree = BUILT_PRODUCTS_DIR; };
		8BD8494F1878166B00F072E1 /* XCTest.framework */ = {isa = PBXFileReference; lastKnownFileType = wrapper.framework; name = XCTest.framework; path = Library/Frameworks/XCTest.framework; sourceTree = DEVELOPER_DIR; };
		8BD849571878166B00F072E1 /* WechatReaderTests-Info.plist */ = {isa = PBXFileReference; lastKnownFileType = text.plist.xml; path = "WechatReaderTests-Info.plist"; sourceTree = "<group>"; };
		8BD849591878166B00F072E1 /* en */ = {isa = PBXFileReference; lastKnownFileType = text.plist.strings; name = en; path = en.lproj/InfoPlist.strings; sourceTree = "<group>"; };
		8BD8495B1878166B00F072E1 /* WechatReaderTests.m */ = {isa = PBXFileReference; lastKnownFileType = sourcecode.c.objc; path = WechatReaderTests.m; sourceTree = "<group>"; };
		8BD84968187818C300F072E1 /* RDRIndexViewController.h */ = {isa = PBXFileReference; fileEncoding = 4; lastKnownFileType = sourcecode.c.h; name = RDRIndexViewController.h; path = ViewController/RDRIndexViewController.h; sourceTree = "<group>"; };
		8BD84969187818C300F072E1 /* RDRIndexViewController.m */ = {isa = PBXFileReference; fileEncoding = 4; lastKnownFileType = sourcecode.c.objc; name = RDRIndexViewController.m; path = ViewController/RDRIndexViewController.m; sourceTree = "<group>"; };
/* End PBXFileReference section */

/* Begin PBXFrameworksBuildPhase section */
		8BD849301878166A00F072E1 /* Frameworks */ = {
			isa = PBXFrameworksBuildPhase;
			buildActionMask = 2147483647;
			files = (
				8B81462018795DC400EE43FF /* CoreData.framework in Frameworks */,
				8BD849391878166A00F072E1 /* CoreGraphics.framework in Frameworks */,
				8BD8493B1878166A00F072E1 /* UIKit.framework in Frameworks */,
				8BD849371878166A00F072E1 /* Foundation.framework in Frameworks */,
			);
			runOnlyForDeploymentPostprocessing = 0;
		};
		8BD8494B1878166B00F072E1 /* Frameworks */ = {
			isa = PBXFrameworksBuildPhase;
			buildActionMask = 2147483647;
			files = (
				8BD849501878166B00F072E1 /* XCTest.framework in Frameworks */,
				8BD849521878166B00F072E1 /* UIKit.framework in Frameworks */,
				8BD849511878166B00F072E1 /* Foundation.framework in Frameworks */,
			);
			runOnlyForDeploymentPostprocessing = 0;
		};
/* End PBXFrameworksBuildPhase section */

/* Begin PBXGroup section */
		1818701B95D8FD8E31204CE8 /* Service */ = {
			isa = PBXGroup;
			children = (
				181874B25BB3A9580D12B795 /* RDRPasteBoardMonitor.m */,
				18187E421B765226865BDD2D /* RDRPasteBoardMonitor.h */,
				1818796CA8D42E83FD00429F /* RDRArticleParser.m */,
				1818771BA72360F22D4DDAC8 /* RDRArticleParser.h */,
				18187B11108457D426082DE8 /* RDRPrefetchService.m */,
				18187EA0DCEFC740FCD01491 /* RDRPrefetchService.h */,
				18187655852E9A3D9130F5D1 /* URLCache */,
				18187F7B5B2B018E71C15EC6 /* RDRNotifications.m */,
				181873003EE3288330F3A5DD /* RDRNotifications.h */,
			);
			path = Service;
			sourceTree = "<group>";
		};
		181876552DD1DE0822706237 /* Category */ = {
			isa = PBXGroup;
			children = (
				181875AED5508DB0FDA09FC3 /* UIImageView+RDRAsyncDownload.m */,
				18187AF473ADF4A76F539184 /* UIImageView+RDRAsyncDownload.h */,
				181873FCEF8653F370DB2FDB /* safe_dispatch_queue.m */,
				18187AFBFDF278C4C453A139 /* safe_dispatch_queue.h */,
				18187DCC29B40A5A70B236D7 /* UIWebView+RDRQueryTitle.m */,
				181873CA63B87825A88039F2 /* UIWebView+RDRQueryTitle.h */,
			);
			path = Category;
			sourceTree = "<group>";
		};
		18187655852E9A3D9130F5D1 /* URLCache */ = {
			isa = PBXGroup;
			children = (
				181875EF4B0AA72381CEB8BD /* RDRURLCache.m */,
				18187DB28CA741A68E2AA73F /* RDRURLCache.h */,
				1818778EBE34B70CA4CCDCAB /* RDRCacheEntity.m */,
				181875C8FE9CDC9619720ABF /* RDRCacheEntity.h */,
				1818722B783F71A23CA2147D /* URLCache.xcdatamodeld */,
			);
			path = URLCache;
			sourceTree = "<group>";
		};
		8B936450187831AC00175262 /* Model */ = {
			isa = PBXGroup;
			children = (
				8B47AE9218795AC300189F0D /* Model.xcdatamodeld */,
				8B936451187831E400175262 /* RDRArticle.h */,
				8B936452187831E400175262 /* RDRArticle.m */,
				181875654177354E508F356C /* RDRArticleManager.m */,
				181874706F4D038DA06C50C9 /* RDRArticleManager.h */,
			);
			name = Model;
			sourceTree = "<group>";
		};
		8BD8492A1878166A00F072E1 = {
			isa = PBXGroup;
			children = (
				8BD8493C1878166A00F072E1 /* WechatReader */,
				8BD849551878166B00F072E1 /* WechatReaderTests */,
				8BD849351878166A00F072E1 /* Frameworks */,
				8BD849341878166A00F072E1 /* Products */,
			);
			sourceTree = "<group>";
		};
		8BD849341878166A00F072E1 /* Products */ = {
			isa = PBXGroup;
			children = (
				8BD849331878166A00F072E1 /* WechatReader.app */,
				8BD8494E1878166B00F072E1 /* WechatReaderTests.xctest */,
			);
			name = Products;
			sourceTree = "<group>";
		};
		8BD849351878166A00F072E1 /* Frameworks */ = {
			isa = PBXGroup;
			children = (
				8B81461F18795DC400EE43FF /* CoreData.framework */,
				8BD849361878166A00F072E1 /* Foundation.framework */,
				8BD849381878166A00F072E1 /* CoreGraphics.framework */,
				8BD8493A1878166A00F072E1 /* UIKit.framework */,
				8BD8494F1878166B00F072E1 /* XCTest.framework */,
			);
			name = Frameworks;
			sourceTree = "<group>";
		};
		8BD8493C1878166A00F072E1 /* WechatReader */ = {
			isa = PBXGroup;
			children = (
				8BD849451878166A00F072E1 /* RDRAppDelegate.h */,
				8BD849461878166A00F072E1 /* RDRAppDelegate.m */,
				8B936450187831AC00175262 /* Model */,
				8BD849651878182E00F072E1 /* ViewController */,
				8BD849481878166A00F072E1 /* Images.xcassets */,
				8BD8493D1878166A00F072E1 /* Supporting Files */,
				1818701B95D8FD8E31204CE8 /* Service */,
				181872811EB6EB6FC3D95EAB /* RDRConfig.h */,
				181876552DD1DE0822706237 /* Category */,
			);
			path = WechatReader;
			sourceTree = "<group>";
		};
		8BD8493D1878166A00F072E1 /* Supporting Files */ = {
			isa = PBXGroup;
			children = (
				8BD8493E1878166A00F072E1 /* WechatReader-Info.plist */,
				8BD8493F1878166A00F072E1 /* InfoPlist.strings */,
				8BD849421878166A00F072E1 /* main.m */,
				8BD849441878166A00F072E1 /* WechatReader-Prefix.pch */,
			);
			name = "Supporting Files";
			sourceTree = "<group>";
		};
		8BD849551878166B00F072E1 /* WechatReaderTests */ = {
			isa = PBXGroup;
			children = (
				8B5C68E7187EB39D00FF0E3E /* PrefetchTests.m */,
				8BD8495B1878166B00F072E1 /* WechatReaderTests.m */,
				8BD849561878166B00F072E1 /* Supporting Files */,
			);
			path = WechatReaderTests;
			sourceTree = "<group>";
		};
		8BD849561878166B00F072E1 /* Supporting Files */ = {
			isa = PBXGroup;
			children = (
				8BD849571878166B00F072E1 /* WechatReaderTests-Info.plist */,
				8BD849581878166B00F072E1 /* InfoPlist.strings */,
			);
			name = "Supporting Files";
			sourceTree = "<group>";
		};
		8BD849651878182E00F072E1 /* ViewController */ = {
			isa = PBXGroup;
			children = (
				8BD84968187818C300F072E1 /* RDRIndexViewController.h */,
				8BD84969187818C300F072E1 /* RDRIndexViewController.m */,
				8B47AE8F18784E5F00189F0D /* RDRContentViewController.h */,
				8B47AE9018784E5F00189F0D /* RDRContentViewController.m */,
			);
			name = ViewController;
			sourceTree = "<group>";
		};
/* End PBXGroup section */

/* Begin PBXNativeTarget section */
		8BD849321878166A00F072E1 /* WechatReader */ = {
			isa = PBXNativeTarget;
			buildConfigurationList = 8BD8495F1878166B00F072E1 /* Build configuration list for PBXNativeTarget "WechatReader" */;
			buildPhases = (
				8BD8492F1878166A00F072E1 /* Sources */,
				8BD849301878166A00F072E1 /* Frameworks */,
				8BD849311878166A00F072E1 /* Resources */,
			);
			buildRules = (
			);
			dependencies = (
			);
			name = WechatReader;
			productName = WechatReader;
			productReference = 8BD849331878166A00F072E1 /* WechatReader.app */;
			productType = "com.apple.product-type.application";
		};
		8BD8494D1878166B00F072E1 /* WechatReaderTests */ = {
			isa = PBXNativeTarget;
			buildConfigurationList = 8BD849621878166B00F072E1 /* Build configuration list for PBXNativeTarget "WechatReaderTests" */;
			buildPhases = (
				8BD8494A1878166B00F072E1 /* Sources */,
				8BD8494B1878166B00F072E1 /* Frameworks */,
				8BD8494C1878166B00F072E1 /* Resources */,
			);
			buildRules = (
			);
			dependencies = (
				8BD849541878166B00F072E1 /* PBXTargetDependency */,
			);
			name = WechatReaderTests;
			productName = WechatReaderTests;
			productReference = 8BD8494E1878166B00F072E1 /* WechatReaderTests.xctest */;
			productType = "com.apple.product-type.bundle.unit-test";
		};
/* End PBXNativeTarget section */

/* Begin PBXProject section */
		8BD8492B1878166A00F072E1 /* Project object */ = {
			isa = PBXProject;
			attributes = {
				CLASSPREFIX = RDR;
				LastUpgradeCheck = 0500;
				ORGANIZATIONNAME = cos;
				TargetAttributes = {
					8BD8494D1878166B00F072E1 = {
						TestTargetID = 8BD849321878166A00F072E1;
					};
				};
			};
			buildConfigurationList = 8BD8492E1878166A00F072E1 /* Build configuration list for PBXProject "WechatReader" */;
			compatibilityVersion = "Xcode 3.2";
			developmentRegion = English;
			hasScannedForEncodings = 0;
			knownRegions = (
				en,
			);
			mainGroup = 8BD8492A1878166A00F072E1;
			productRefGroup = 8BD849341878166A00F072E1 /* Products */;
			projectDirPath = "";
			projectRoot = "";
			targets = (
				8BD849321878166A00F072E1 /* WechatReader */,
				8BD8494D1878166B00F072E1 /* WechatReaderTests */,
			);
		};
/* End PBXProject section */

/* Begin PBXResourcesBuildPhase section */
		8BD849311878166A00F072E1 /* Resources */ = {
			isa = PBXResourcesBuildPhase;
			buildActionMask = 2147483647;
			files = (
				8BD849411878166A00F072E1 /* InfoPlist.strings in Resources */,
				8BD849491878166A00F072E1 /* Images.xcassets in Resources */,
			);
			runOnlyForDeploymentPostprocessing = 0;
		};
		8BD8494C1878166B00F072E1 /* Resources */ = {
			isa = PBXResourcesBuildPhase;
			buildActionMask = 2147483647;
			files = (
				8BD8495A1878166B00F072E1 /* InfoPlist.strings in Resources */,
			);
			runOnlyForDeploymentPostprocessing = 0;
		};
/* End PBXResourcesBuildPhase section */

/* Begin PBXSourcesBuildPhase section */
		8BD8492F1878166A00F072E1 /* Sources */ = {
			isa = PBXSourcesBuildPhase;
			buildActionMask = 2147483647;
			files = (
				8B47AE9118784E5F00189F0D /* RDRContentViewController.m in Sources */,
				8BD8496A187818C300F072E1 /* RDRIndexViewController.m in Sources */,
				8B47AE9418795AC300189F0D /* Model.xcdatamodeld in Sources */,
				8BD849431878166A00F072E1 /* main.m in Sources */,
				8BD849471878166A00F072E1 /* RDRAppDelegate.m in Sources */,
				8B936453187831E400175262 /* RDRArticle.m in Sources */,
				181875EFF69BAF0C7798F63F /* RDRPasteBoardMonitor.m in Sources */,
				181872BE0C9BC116DBE8DF3A /* RDRArticleParser.m in Sources */,
				1818736A1AF213CCF9B60E45 /* UIImageView+RDRAsyncDownload.m in Sources */,
				181876C9E1FB89832155F0A5 /* safe_dispatch_queue.m in Sources */,
				18187AEBB6C7740973E70336 /* RDRPrefetchService.m in Sources */,
				18187518E2205E46580D05F8 /* RDRURLCache.m in Sources */,
				1818789E73E6370B30D33C17 /* RDRCacheEntity.m in Sources */,
				1818778456EA91162283B407 /* URLCache.xcdatamodeld in Sources */,
				18187148424EA3CF4572982F /* UIWebView+RDRQueryTitle.m in Sources */,
				1818798140ED2A10E5DB4327 /* RDRNotifications.m in Sources */,
				18187B95C71F65326BE452F5 /* RDRArticleManager.m in Sources */,
			);
			runOnlyForDeploymentPostprocessing = 0;
		};
		8BD8494A1878166B00F072E1 /* Sources */ = {
			isa = PBXSourcesBuildPhase;
			buildActionMask = 2147483647;
			files = (
				8B5C68E8187EB39D00FF0E3E /* PrefetchTests.m in Sources */,
				8BD8495C1878166B00F072E1 /* WechatReaderTests.m in Sources */,
			);
			runOnlyForDeploymentPostprocessing = 0;
		};
/* End PBXSourcesBuildPhase section */

/* Begin PBXTargetDependency section */
		8BD849541878166B00F072E1 /* PBXTargetDependency */ = {
			isa = PBXTargetDependency;
			target = 8BD849321878166A00F072E1 /* WechatReader */;
			targetProxy = 8BD849531878166B00F072E1 /* PBXContainerItemProxy */;
		};
/* End PBXTargetDependency section */

/* Begin PBXVariantGroup section */
		8BD8493F1878166A00F072E1 /* InfoPlist.strings */ = {
			isa = PBXVariantGroup;
			children = (
				8BD849401878166A00F072E1 /* en */,
			);
			name = InfoPlist.strings;
			sourceTree = "<group>";
		};
		8BD849581878166B00F072E1 /* InfoPlist.strings */ = {
			isa = PBXVariantGroup;
			children = (
				8BD849591878166B00F072E1 /* en */,
			);
			name = InfoPlist.strings;
			sourceTree = "<group>";
		};
/* End PBXVariantGroup section */

/* Begin XCBuildConfiguration section */
		8BD8495D1878166B00F072E1 /* Debug */ = {
			isa = XCBuildConfiguration;
			buildSettings = {
				ALWAYS_SEARCH_USER_PATHS = NO;
				CLANG_CXX_LANGUAGE_STANDARD = "gnu++0x";
				CLANG_CXX_LIBRARY = "libc++";
				CLANG_ENABLE_MODULES = YES;
				CLANG_ENABLE_OBJC_ARC = YES;
				CLANG_WARN_BOOL_CONVERSION = YES;
				CLANG_WARN_CONSTANT_CONVERSION = YES;
				CLANG_WARN_DIRECT_OBJC_ISA_USAGE = YES_ERROR;
				CLANG_WARN_EMPTY_BODY = YES;
				CLANG_WARN_ENUM_CONVERSION = YES;
				CLANG_WARN_INT_CONVERSION = YES;
				CLANG_WARN_OBJC_ROOT_CLASS = YES_ERROR;
				CLANG_WARN__DUPLICATE_METHOD_MATCH = YES;
				"CODE_SIGN_IDENTITY[sdk=iphoneos*]" = "iPhone Developer";
				COPY_PHASE_STRIP = NO;
				GCC_C_LANGUAGE_STANDARD = gnu99;
				GCC_DYNAMIC_NO_PIC = NO;
				GCC_OPTIMIZATION_LEVEL = 0;
				GCC_PREPROCESSOR_DEFINITIONS = (
					"DEBUG=1",
					"$(inherited)",
				);
				GCC_SYMBOLS_PRIVATE_EXTERN = NO;
				GCC_WARN_64_TO_32_BIT_CONVERSION = YES;
				GCC_WARN_ABOUT_RETURN_TYPE = YES_ERROR;
				GCC_WARN_UNDECLARED_SELECTOR = YES;
				GCC_WARN_UNINITIALIZED_AUTOS = YES;
				GCC_WARN_UNUSED_FUNCTION = YES;
				GCC_WARN_UNUSED_VARIABLE = YES;
				IPHONEOS_DEPLOYMENT_TARGET = 7.0;
				ONLY_ACTIVE_ARCH = YES;
				SDKROOT = iphoneos;
			};
			name = Debug;
		};
		8BD8495E1878166B00F072E1 /* Release */ = {
			isa = XCBuildConfiguration;
			buildSettings = {
				ALWAYS_SEARCH_USER_PATHS = NO;
				CLANG_CXX_LANGUAGE_STANDARD = "gnu++0x";
				CLANG_CXX_LIBRARY = "libc++";
				CLANG_ENABLE_MODULES = YES;
				CLANG_ENABLE_OBJC_ARC = YES;
				CLANG_WARN_BOOL_CONVERSION = YES;
				CLANG_WARN_CONSTANT_CONVERSION = YES;
				CLANG_WARN_DIRECT_OBJC_ISA_USAGE = YES_ERROR;
				CLANG_WARN_EMPTY_BODY = YES;
				CLANG_WARN_ENUM_CONVERSION = YES;
				CLANG_WARN_INT_CONVERSION = YES;
				CLANG_WARN_OBJC_ROOT_CLASS = YES_ERROR;
				CLANG_WARN__DUPLICATE_METHOD_MATCH = YES;
				"CODE_SIGN_IDENTITY[sdk=iphoneos*]" = "iPhone Developer";
				COPY_PHASE_STRIP = YES;
				ENABLE_NS_ASSERTIONS = NO;
				GCC_C_LANGUAGE_STANDARD = gnu99;
				GCC_WARN_64_TO_32_BIT_CONVERSION = YES;
				GCC_WARN_ABOUT_RETURN_TYPE = YES_ERROR;
				GCC_WARN_UNDECLARED_SELECTOR = YES;
				GCC_WARN_UNINITIALIZED_AUTOS = YES;
				GCC_WARN_UNUSED_FUNCTION = YES;
				GCC_WARN_UNUSED_VARIABLE = YES;
				IPHONEOS_DEPLOYMENT_TARGET = 7.0;
				SDKROOT = iphoneos;
				VALIDATE_PRODUCT = YES;
			};
			name = Release;
		};
		8BD849601878166B00F072E1 /* Debug */ = {
			isa = XCBuildConfiguration;
			buildSettings = {
				ASSETCATALOG_COMPILER_APPICON_NAME = AppIcon;
				ASSETCATALOG_COMPILER_LAUNCHIMAGE_NAME = LaunchImage;
				CODE_SIGN_IDENTITY = "iPhone Developer";
				"CODE_SIGN_IDENTITY[sdk=iphoneos*]" = "iPhone Developer";
				GCC_PRECOMPILE_PREFIX_HEADER = YES;
				GCC_PREFIX_HEADER = "WechatReader/WechatReader-Prefix.pch";
				INFOPLIST_FILE = "WechatReader/WechatReader-Info.plist";
				PRODUCT_NAME = "$(TARGET_NAME)";
				PROVISIONING_PROFILE = "";
				WRAPPER_EXTENSION = app;
			};
			name = Debug;
		};
		8BD849611878166B00F072E1 /* Release */ = {
			isa = XCBuildConfiguration;
			buildSettings = {
				ASSETCATALOG_COMPILER_APPICON_NAME = AppIcon;
				ASSETCATALOG_COMPILER_LAUNCHIMAGE_NAME = LaunchImage;
				CODE_SIGN_IDENTITY = "iPhone Developer";
				"CODE_SIGN_IDENTITY[sdk=iphoneos*]" = "iPhone Developer";
				GCC_PRECOMPILE_PREFIX_HEADER = YES;
				GCC_PREFIX_HEADER = "WechatReader/WechatReader-Prefix.pch";
				INFOPLIST_FILE = "WechatReader/WechatReader-Info.plist";
				PRODUCT_NAME = "$(TARGET_NAME)";
				PROVISIONING_PROFILE = "";
				WRAPPER_EXTENSION = app;
			};
			name = Release;
		};
		8BD849631878166B00F072E1 /* Debug */ = {
			isa = XCBuildConfiguration;
			buildSettings = {
				BUNDLE_LOADER = "$(BUILT_PRODUCTS_DIR)/WechatReader.app/WechatReader";
				FRAMEWORK_SEARCH_PATHS = (
					"$(SDKROOT)/Developer/Library/Frameworks",
					"$(inherited)",
					"$(DEVELOPER_FRAMEWORKS_DIR)",
				);
				GCC_PRECOMPILE_PREFIX_HEADER = YES;
				GCC_PREFIX_HEADER = "WechatReader/WechatReader-Prefix.pch";
				GCC_PREPROCESSOR_DEFINITIONS = (
					"DEBUG=1",
					"$(inherited)",
				);
				INFOPLIST_FILE = "WechatReaderTests/WechatReaderTests-Info.plist";
				PRODUCT_NAME = "$(TARGET_NAME)";
				TEST_HOST = "$(BUNDLE_LOADER)";
				WRAPPER_EXTENSION = xctest;
			};
			name = Debug;
		};
		8BD849641878166B00F072E1 /* Release */ = {
			isa = XCBuildConfiguration;
			buildSettings = {
				BUNDLE_LOADER = "$(BUILT_PRODUCTS_DIR)/WechatReader.app/WechatReader";
				FRAMEWORK_SEARCH_PATHS = (
					"$(SDKROOT)/Developer/Library/Frameworks",
					"$(inherited)",
					"$(DEVELOPER_FRAMEWORKS_DIR)",
				);
				GCC_PRECOMPILE_PREFIX_HEADER = YES;
				GCC_PREFIX_HEADER = "WechatReader/WechatReader-Prefix.pch";
				INFOPLIST_FILE = "WechatReaderTests/WechatReaderTests-Info.plist";
				PRODUCT_NAME = "$(TARGET_NAME)";
				TEST_HOST = "$(BUNDLE_LOADER)";
				WRAPPER_EXTENSION = xctest;
			};
			name = Release;
		};
/* End XCBuildConfiguration section */

/* Begin XCConfigurationList section */
		8BD8492E1878166A00F072E1 /* Build configuration list for PBXProject "WechatReader" */ = {
			isa = XCConfigurationList;
			buildConfigurations = (
				8BD8495D1878166B00F072E1 /* Debug */,
				8BD8495E1878166B00F072E1 /* Release */,
			);
			defaultConfigurationIsVisible = 0;
			defaultConfigurationName = Release;
		};
		8BD8495F1878166B00F072E1 /* Build configuration list for PBXNativeTarget "WechatReader" */ = {
			isa = XCConfigurationList;
			buildConfigurations = (
				8BD849601878166B00F072E1 /* Debug */,
				8BD849611878166B00F072E1 /* Release */,
			);
			defaultConfigurationIsVisible = 0;
			defaultConfigurationName = Release;
		};
		8BD849621878166B00F072E1 /* Build configuration list for PBXNativeTarget "WechatReaderTests" */ = {
			isa = XCConfigurationList;
			buildConfigurations = (
				8BD849631878166B00F072E1 /* Debug */,
				8BD849641878166B00F072E1 /* Release */,
			);
			defaultConfigurationIsVisible = 0;
			defaultConfigurationName = Release;
		};
/* End XCConfigurationList section */

/* Begin XCVersionGroup section */
		1818722B783F71A23CA2147D /* URLCache.xcdatamodeld */ = {
			isa = XCVersionGroup;
			children = (
				18187E97AC831D6FA5A69D13 /* URLCache.xcdatamodel */,
			);
			currentVersion = 18187E97AC831D6FA5A69D13 /* URLCache.xcdatamodel */;
			path = URLCache.xcdatamodeld;
			sourceTree = "<group>";
			versionGroupType = wrapper.xcdatamodel;
		};
		8B47AE9218795AC300189F0D /* Model.xcdatamodeld */ = {
			isa = XCVersionGroup;
			children = (
				8B47AE9318795AC300189F0D /* Model.xcdatamodel */,
			);
			currentVersion = 8B47AE9318795AC300189F0D /* Model.xcdatamodel */;
			name = Model.xcdatamodeld;
			path = Model/Model.xcdatamodeld;
			sourceTree = "<group>";
			versionGroupType = wrapper.xcdatamodel;
		};
/* End XCVersionGroup section */
	};
	rootObject = 8BD8492B1878166A00F072E1 /* Project object */;
}
